
Microsoft Visual Studio Solution File, Format Version 12.00
# Visual Studio Version 17
VisualStudioVersion = 17.7.34031.279
MinimumVisualStudioVersion = 10.0.40219.1
Project("{9A19103F-16F7-4668-BE54-9A1E7A4F7556}") = "Blender", "Blender.csproj", "{518E88D3-5DB6-4506-B96B-7B208F5F938A}"
EndProject
Global
	GlobalSection(SolutionConfigurationPlatforms) = preSolution
		Debug|Any CPU = Debug|Any CPU
		Release|Any CPU = Release|Any CPU
	EndGlobalSection
	GlobalSection(ProjectConfigurationPlatforms) = postSolution
		{518E88D3-5DB6-4506-B96B-7B208F5F938A}.Debug|Any CPU.ActiveCfg = Debug|Any CPU
		{518E88D3-5DB6-4506-B96B-7B208F5F938A}.Debug|Any CPU.Build.0 = Debug|Any CPU
		{518E88D3-5DB6-4506-B96B-7B208F5F938A}.Release|Any CPU.ActiveCfg = Release|Any CPU
		{518E88D3-5DB6-4506-B96B-7B208F5F938A}.Release|Any CPU.Build.0 = Release|Any CPU
	EndGlobalSection
	GlobalSection(SolutionProperties) = preSolution
		HideSolutionNode = FALSE
	EndGlobalSection
	GlobalSection(ExtensibilityGlobals) = postSolution
		SolutionGuid = {C31AB934-5A4F-4721-9645-8C652DD2B958}
	EndGlobalSection
EndGlobal
